
Microsoft Visual Studio Solution File, Format Version 12.00
# Visual Studio Version 16
VisualStudioVersion = 16.0.32002.261
MinimumVisualStudioVersion = 10.0.40219.1
Project("{FAE04EC0-301F-11D3-BF4B-00C04F79EFBC}") = "iikoBOS_prealpha_console", "iikoBOS_prealpha\iikoBOS_prealpha_console.csproj", "{6CAFBADD-10BE-4324-A637-0A02E5CF4B19}"
EndProject
Project("{FAE04EC0-301F-11D3-BF4B-00C04F79EFBC}") = "iikoBOS_prealpha_API", "iikoBOS_prealpha_API\iikoBOS_prealpha_API.csproj", "{5B7B6FF0-08F5-44B7-A0D3-E1189553AB42}"
EndProject
Project("{FAE04EC0-301F-11D3-BF4B-00C04F79EFBC}") = "iikoCheckVersion", "iikoBOS_v0.02\iikoCheckVersion.csproj", "{5A407F5B-974D-4C29-B36E-815B67D8E22F}"
EndProject
Project("{FAE04EC0-301F-11D3-BF4B-00C04F79EFBC}") = "WindowsFormsApp1_test", "WindowsFormsApp1\WindowsFormsApp1_test.csproj", "{69ED54CF-754A-415F-BACB-556DD71C7FDA}"
EndProject
Project("{FAE04EC0-301F-11D3-BF4B-00C04F79EFBC}") = "ClassLibrary1_test", "ClassLibrary1_test\ClassLibrary1_test.csproj", "{E7BF6D9B-0B94-44E9-8DEE-73ADC1484638}"
EndProject
Project("{FAE04EC0-301F-11D3-BF4B-00C04F79EFBC}") = "ConsoleApp1", "ConsoleApp1\ConsoleApp1.csproj", "{8D2B5B6F-F1BC-4917-A60B-C5817401FBA8}"
EndProject
Project("{FAE04EC0-301F-11D3-BF4B-00C04F79EFBC}") = "WpfApp1", "WpfApp1\WpfApp1.csproj", "{608AB67E-5142-4B44-A4E4-5E13C26F44FB}"
EndProject
Project("{FAE04EC0-301F-11D3-BF4B-00C04F79EFBC}") = "WindowsFormsApp3", "WindowsFormsApp3\WindowsFormsApp3.csproj", "{1A3A400C-CF29-4900-BCF9-AB889C1ACF7B}"
EndProject
Project("{FAE04EC0-301F-11D3-BF4B-00C04F79EFBC}") = "WindowsFormsApp4", "WindowsFormsApp4\WindowsFormsApp4.csproj", "{ACB5373F-0F5C-451D-BBD5-BA2CCA1A31E6}"
EndProject
Project("{FAE04EC0-301F-11D3-BF4B-00C04F79EFBC}") = "IIkoBOS", "listViewDebug\IIkoBOS.csproj", "{B6CAAFAC-22FF-48E1-AE6A-34EEE07FF5B0}"
EndProject
Global
	GlobalSection(SolutionConfigurationPlatforms) = preSolution
		Debug|Any CPU = Debug|Any CPU
		Release|Any CPU = Release|Any CPU
	EndGlobalSection
	GlobalSection(ProjectConfigurationPlatforms) = postSolution
		{6CAFBADD-10BE-4324-A637-0A02E5CF4B19}.Debug|Any CPU.ActiveCfg = Debug|Any CPU
		{6CAFBADD-10BE-4324-A637-0A02E5CF4B19}.Debug|Any CPU.Build.0 = Debug|Any CPU
		{6CAFBADD-10BE-4324-A637-0A02E5CF4B19}.Release|Any CPU.ActiveCfg = Release|Any CPU
		{6CAFBADD-10BE-4324-A637-0A02E5CF4B19}.Release|Any CPU.Build.0 = Release|Any CPU
		{5B7B6FF0-08F5-44B7-A0D3-E1189553AB42}.Debug|Any CPU.ActiveCfg = Debug|Any CPU
		{5B7B6FF0-08F5-44B7-A0D3-E1189553AB42}.Debug|Any CPU.Build.0 = Debug|Any CPU
		{5B7B6FF0-08F5-44B7-A0D3-E1189553AB42}.Release|Any CPU.ActiveCfg = Release|Any CPU
		{5B7B6FF0-08F5-44B7-A0D3-E1189553AB42}.Release|Any CPU.Build.0 = Release|Any CPU
		{5A407F5B-974D-4C29-B36E-815B67D8E22F}.Debug|Any CPU.ActiveCfg = Debug|Any CPU
		{5A407F5B-974D-4C29-B36E-815B67D8E22F}.Debug|Any CPU.Build.0 = Debug|Any CPU
		{5A407F5B-974D-4C29-B36E-815B67D8E22F}.Release|Any CPU.ActiveCfg = Release|Any CPU
		{5A407F5B-974D-4C29-B36E-815B67D8E22F}.Release|Any CPU.Build.0 = Release|Any CPU
		{69ED54CF-754A-415F-BACB-556DD71C7FDA}.Debug|Any CPU.ActiveCfg = Debug|Any CPU
		{69ED54CF-754A-415F-BACB-556DD71C7FDA}.Debug|Any CPU.Build.0 = Debug|Any CPU
		{69ED54CF-754A-415F-BACB-556DD71C7FDA}.Release|Any CPU.ActiveCfg = Release|Any CPU
		{69ED54CF-754A-415F-BACB-556DD71C7FDA}.Release|Any CPU.Build.0 = Release|Any CPU
		{E7BF6D9B-0B94-44E9-8DEE-73ADC1484638}.Debug|Any CPU.ActiveCfg = Debug|Any CPU
		{E7BF6D9B-0B94-44E9-8DEE-73ADC1484638}.Debug|Any CPU.Build.0 = Debug|Any CPU
		{E7BF6D9B-0B94-44E9-8DEE-73ADC1484638}.Release|Any CPU.ActiveCfg = Release|Any CPU
		{E7BF6D9B-0B94-44E9-8DEE-73ADC1484638}.Release|Any CPU.Build.0 = Release|Any CPU
		{8D2B5B6F-F1BC-4917-A60B-C5817401FBA8}.Debug|Any CPU.ActiveCfg = Debug|Any CPU
		{8D2B5B6F-F1BC-4917-A60B-C5817401FBA8}.Debug|Any CPU.Build.0 = Debug|Any CPU
		{8D2B5B6F-F1BC-4917-A60B-C5817401FBA8}.Release|Any CPU.ActiveCfg = Release|Any CPU
		{8D2B5B6F-F1BC-4917-A60B-C5817401FBA8}.Release|Any CPU.Build.0 = Release|Any CPU
		{608AB67E-5142-4B44-A4E4-5E13C26F44FB}.Debug|Any CPU.ActiveCfg = Debug|Any CPU
		{608AB67E-5142-4B44-A4E4-5E13C26F44FB}.Debug|Any CPU.Build.0 = Debug|Any CPU
		{608AB67E-5142-4B44-A4E4-5E13C26F44FB}.Release|Any CPU.ActiveCfg = Release|Any CPU
		{608AB67E-5142-4B44-A4E4-5E13C26F44FB}.Release|Any CPU.Build.0 = Release|Any CPU
		{1A3A400C-CF29-4900-BCF9-AB889C1ACF7B}.Debug|Any CPU.ActiveCfg = Debug|Any CPU
		{1A3A400C-CF29-4900-BCF9-AB889C1ACF7B}.Debug|Any CPU.Build.0 = Debug|Any CPU
		{1A3A400C-CF29-4900-BCF9-AB889C1ACF7B}.Release|Any CPU.ActiveCfg = Release|Any CPU
		{1A3A400C-CF29-4900-BCF9-AB889C1ACF7B}.Release|Any CPU.Build.0 = Release|Any CPU
		{ACB5373F-0F5C-451D-BBD5-BA2CCA1A31E6}.Debug|Any CPU.ActiveCfg = Debug|Any CPU
		{ACB5373F-0F5C-451D-BBD5-BA2CCA1A31E6}.Debug|Any CPU.Build.0 = Debug|Any CPU
		{ACB5373F-0F5C-451D-BBD5-BA2CCA1A31E6}.Release|Any CPU.ActiveCfg = Release|Any CPU
		{ACB5373F-0F5C-451D-BBD5-BA2CCA1A31E6}.Release|Any CPU.Build.0 = Release|Any CPU
		{B6CAAFAC-22FF-48E1-AE6A-34EEE07FF5B0}.Debug|Any CPU.ActiveCfg = Debug|Any CPU
		{B6CAAFAC-22FF-48E1-AE6A-34EEE07FF5B0}.Debug|Any CPU.Build.0 = Debug|Any CPU
		{B6CAAFAC-22FF-48E1-AE6A-34EEE07FF5B0}.Release|Any CPU.ActiveCfg = Release|Any CPU
		{B6CAAFAC-22FF-48E1-AE6A-34EEE07FF5B0}.Release|Any CPU.Build.0 = Release|Any CPU
	EndGlobalSection
	GlobalSection(SolutionProperties) = preSolution
		HideSolutionNode = FALSE
	EndGlobalSection
	GlobalSection(ExtensibilityGlobals) = postSolution
		SolutionGuid = {315742B6-7A7C-4CA1-B296-E6B961A83CE2}
	EndGlobalSection
EndGlobal
