
Microsoft Visual Studio Solution File, Format Version 12.00
# Visual Studio Version 16
VisualStudioVersion = 16.0.32002.261
MinimumVisualStudioVersion = 10.0.40219.1
Project("{FAE04EC0-301F-11D3-BF4B-00C04F79EFBC}") = "iikoBOS_prealpha_console", "iikoBOS_prealpha\iikoBOS_prealpha_console.csproj", "{6CAFBADD-10BE-4324-A637-0A02E5CF4B19}"
EndProject
Project("{FAE04EC0-301F-11D3-BF4B-00C04F79EFBC}") = "iikoBOS_prealpha_API", "iikoBOS_prealpha_API\iikoBOS_prealpha_API.csproj", "{5B7B6FF0-08F5-44B7-A0D3-E1189553AB42}"
EndProject
Project("{FAE04EC0-301F-11D3-BF4B-00C04F79EFBC}") = "iikoBOS_v0.02", "iikoBOS_v0.02\iikoBOS_v0.02.csproj", "{5A407F5B-974D-4C29-B36E-815B67D8E22F}"
EndProject
Project("{FAE04EC0-301F-11D3-BF4B-00C04F79EFBC}") = "WindowsFormsApp1", "WindowsFormsApp1\WindowsFormsApp1.csproj", "{69ED54CF-754A-415F-BACB-556DD71C7FDA}"
EndProject
Global
	GlobalSection(SolutionConfigurationPlatforms) = preSolution
		Debug|Any CPU = Debug|Any CPU
		Release|Any CPU = Release|Any CPU
	EndGlobalSection
	GlobalSection(ProjectConfigurationPlatforms) = postSolution
		{6CAFBADD-10BE-4324-A637-0A02E5CF4B19}.Debug|Any CPU.ActiveCfg = Debug|Any CPU
		{6CAFBADD-10BE-4324-A637-0A02E5CF4B19}.Debug|Any CPU.Build.0 = Debug|Any CPU
		{6CAFBADD-10BE-4324-A637-0A02E5CF4B19}.Release|Any CPU.ActiveCfg = Release|Any CPU
		{6CAFBADD-10BE-4324-A637-0A02E5CF4B19}.Release|Any CPU.Build.0 = Release|Any CPU
		{5B7B6FF0-08F5-44B7-A0D3-E1189553AB42}.Debug|Any CPU.ActiveCfg = Debug|Any CPU
		{5B7B6FF0-08F5-44B7-A0D3-E1189553AB42}.Debug|Any CPU.Build.0 = Debug|Any CPU
		{5B7B6FF0-08F5-44B7-A0D3-E1189553AB42}.Release|Any CPU.ActiveCfg = Release|Any CPU
		{5B7B6FF0-08F5-44B7-A0D3-E1189553AB42}.Release|Any CPU.Build.0 = Release|Any CPU
		{5A407F5B-974D-4C29-B36E-815B67D8E22F}.Debug|Any CPU.ActiveCfg = Debug|Any CPU
		{5A407F5B-974D-4C29-B36E-815B67D8E22F}.Debug|Any CPU.Build.0 = Debug|Any CPU
		{5A407F5B-974D-4C29-B36E-815B67D8E22F}.Release|Any CPU.ActiveCfg = Release|Any CPU
		{5A407F5B-974D-4C29-B36E-815B67D8E22F}.Release|Any CPU.Build.0 = Release|Any CPU
		{69ED54CF-754A-415F-BACB-556DD71C7FDA}.Debug|Any CPU.ActiveCfg = Debug|Any CPU
		{69ED54CF-754A-415F-BACB-556DD71C7FDA}.Debug|Any CPU.Build.0 = Debug|Any CPU
		{69ED54CF-754A-415F-BACB-556DD71C7FDA}.Release|Any CPU.ActiveCfg = Release|Any CPU
		{69ED54CF-754A-415F-BACB-556DD71C7FDA}.Release|Any CPU.Build.0 = Release|Any CPU
	EndGlobalSection
	GlobalSection(SolutionProperties) = preSolution
		HideSolutionNode = FALSE
	EndGlobalSection
	GlobalSection(ExtensibilityGlobals) = postSolution
		SolutionGuid = {315742B6-7A7C-4CA1-B296-E6B961A83CE2}
	EndGlobalSection
EndGlobal
